<Solution>
  <Configurations>
    <Platform Name="ARM64" />
    <Platform Name="x64" />
    <Platform Name="x86" />
  </Configurations>
  <Project Path="AxfsExplorer.csproj">
    <BuildType Solution="Release|x64" Project="Debug" />
    <Platform Project="x64" />
    <Deploy />
  </Project>
</Solution>
